Microsoft Visual Studio Solution File, Format Version 7.00
Project("{8BC9CEB8-8B4A-11D0-8D11-00A0C91BC942}") = "VNCHooks", "VNCHooks\VNCHooks.vcproj", "{CC994DC2-CD0F-46B9-885E-08732A65665D}"
EndProject
Project("{8BC9CEB8-8B4A-11D0-8D11-00A0C91BC942}") = "WinVNC", "WinVNC.vcproj", "{EA6A09AC-04BB-423D-8842-CA48DF901058}"
EndProject
Project("{8BC9CEB8-8B4A-11D0-8D11-00A0C91BC942}") = "libjpeg", "libjpeg\libjpeg.vcproj", "{224A4BAC-DEDE-43A4-81B9-14545F16E20E}"
EndProject
Project("{8BC9CEB8-8B4A-11D0-8D11-00A0C91BC942}") = "omnithread", "omnithread\omnithread.vcproj", "{2D948CAF-9622-495C-AB44-6337A6A9D440}"
EndProject
Project("{8BC9CEB8-8B4A-11D0-8D11-00A0C91BC942}") = "zlib", "zlib\zlib.vcproj", "{A44055F1-6AAA-4F72-8939-C5C294CE6EEE}"
EndProject
Global
	GlobalSection(SolutionConfiguration) = preSolution
		ConfigName.0 = Debug
		ConfigName.1 = Release
	EndGlobalSection
	GlobalSection(ProjectDependencies) = postSolution
		{EA6A09AC-04BB-423D-8842-CA48DF901058}.0 = {224A4BAC-DEDE-43A4-81B9-14545F16E20E}
		{EA6A09AC-04BB-423D-8842-CA48DF901058}.1 = {A44055F1-6AAA-4F72-8939-C5C294CE6EEE}
		{EA6A09AC-04BB-423D-8842-CA48DF901058}.2 = {2D948CAF-9622-495C-AB44-6337A6A9D440}
		{EA6A09AC-04BB-423D-8842-CA48DF901058}.3 = {CC994DC2-CD0F-46B9-885E-08732A65665D}
	EndGlobalSection
	GlobalSection(ProjectConfiguration) = postSolution
		{CC994DC2-CD0F-46B9-885E-08732A65665D}.Debug.ActiveCfg = Debug|Win32
		{CC994DC2-CD0F-46B9-885E-08732A65665D}.Debug.Build.0 = Debug|Win32
		{CC994DC2-CD0F-46B9-885E-08732A65665D}.Release.ActiveCfg = Release|Win32
		{CC994DC2-CD0F-46B9-885E-08732A65665D}.Release.Build.0 = Release|Win32
		{EA6A09AC-04BB-423D-8842-CA48DF901058}.Debug.ActiveCfg = Debug|Win32
		{EA6A09AC-04BB-423D-8842-CA48DF901058}.Debug.Build.0 = Debug|Win32
		{EA6A09AC-04BB-423D-8842-CA48DF901058}.Release.ActiveCfg = Release|Win32
		{EA6A09AC-04BB-423D-8842-CA48DF901058}.Release.Build.0 = Release|Win32
		{224A4BAC-DEDE-43A4-81B9-14545F16E20E}.Debug.ActiveCfg = Debug|Win32
		{224A4BAC-DEDE-43A4-81B9-14545F16E20E}.Debug.Build.0 = Debug|Win32
		{224A4BAC-DEDE-43A4-81B9-14545F16E20E}.Release.ActiveCfg = Release|Win32
		{224A4BAC-DEDE-43A4-81B9-14545F16E20E}.Release.Build.0 = Release|Win32
		{2D948CAF-9622-495C-AB44-6337A6A9D440}.Debug.ActiveCfg = Debug|Win32
		{2D948CAF-9622-495C-AB44-6337A6A9D440}.Debug.Build.0 = Debug|Win32
		{2D948CAF-9622-495C-AB44-6337A6A9D440}.Release.ActiveCfg = Release|Win32
		{2D948CAF-9622-495C-AB44-6337A6A9D440}.Release.Build.0 = Release|Win32
		{A44055F1-6AAA-4F72-8939-C5C294CE6EEE}.Debug.ActiveCfg = Debug|Win32
		{A44055F1-6AAA-4F72-8939-C5C294CE6EEE}.Debug.Build.0 = Debug|Win32
		{A44055F1-6AAA-4F72-8939-C5C294CE6EEE}.Release.ActiveCfg = Release|Win32
		{A44055F1-6AAA-4F72-8939-C5C294CE6EEE}.Release.Build.0 = Release|Win32
	EndGlobalSection
	GlobalSection(ExtensibilityGlobals) = postSolution
	EndGlobalSection
	GlobalSection(ExtensibilityAddIns) = postSolution
	EndGlobalSection
EndGlobal
